
Microsoft Visual Studio Solution File, Format Version 12.00
# Visual Studio Version 16
VisualStudioVersion = 16.0.31205.134
MinimumVisualStudioVersion = 10.0.40219.1
Project("{9A19103F-16F7-4668-BE54-9A1E7A4F7556}") = "DapiSDKExample", "DapiSDKExample.csproj", "{B5E8371E-E6C6-459B-9B10-D1A188B26308}"
EndProject
Global
	GlobalSection(SolutionConfigurationPlatforms) = preSolution
		Debug|Any CPU = Debug|Any CPU
		Release|Any CPU = Release|Any CPU
	EndGlobalSection
	GlobalSection(ProjectConfigurationPlatforms) = postSolution
		{B5E8371E-E6C6-459B-9B10-D1A188B26308}.Debug|Any CPU.ActiveCfg = Debug|Any CPU
		{B5E8371E-E6C6-459B-9B10-D1A188B26308}.Debug|Any CPU.Build.0 = Debug|Any CPU
		{B5E8371E-E6C6-459B-9B10-D1A188B26308}.Release|Any CPU.ActiveCfg = Release|Any CPU
		{B5E8371E-E6C6-459B-9B10-D1A188B26308}.Release|Any CPU.Build.0 = Release|Any CPU
	EndGlobalSection
	GlobalSection(SolutionProperties) = preSolution
		HideSolutionNode = FALSE
	EndGlobalSection
	GlobalSection(ExtensibilityGlobals) = postSolution
		SolutionGuid = {6AB54084-79E8-4216-9FA0-A16637E5792D}
	EndGlobalSection
EndGlobal
